
Microsoft Visual Studio Solution File, Format Version 12.00
# Visual Studio Version 17
VisualStudioVersion = 17.9.34616.47
MinimumVisualStudioVersion = 10.0.40219.1
Project("{FAE04EC0-301F-11D3-BF4B-00C04F79EFBC}") = "Chat Client", "Chat Client.csproj", "{EA53BAB1-C96C-4169-A8EB-57FC69312046}"
EndProject
Project("{FAE04EC0-301F-11D3-BF4B-00C04F79EFBC}") = "Chat Server", "..\Chat Server\Chat Server.csproj", "{4862C61D-57F4-4B20-A0EE-72C3CCDD4A8D}"
EndProject
Global
	GlobalSection(SolutionConfigurationPlatforms) = preSolution
		Debug|Any CPU = Debug|Any CPU
		Release|Any CPU = Release|Any CPU
	EndGlobalSection
	GlobalSection(ProjectConfigurationPlatforms) = postSolution
		{EA53BAB1-C96C-4169-A8EB-57FC69312046}.Debug|Any CPU.ActiveCfg = Debug|Any CPU
		{EA53BAB1-C96C-4169-A8EB-57FC69312046}.Debug|Any CPU.Build.0 = Debug|Any CPU
		{EA53BAB1-C96C-4169-A8EB-57FC69312046}.Release|Any CPU.ActiveCfg = Release|Any CPU
		{EA53BAB1-C96C-4169-A8EB-57FC69312046}.Release|Any CPU.Build.0 = Release|Any CPU
		{4862C61D-57F4-4B20-A0EE-72C3CCDD4A8D}.Debug|Any CPU.ActiveCfg = Debug|Any CPU
		{4862C61D-57F4-4B20-A0EE-72C3CCDD4A8D}.Debug|Any CPU.Build.0 = Debug|Any CPU
		{4862C61D-57F4-4B20-A0EE-72C3CCDD4A8D}.Release|Any CPU.ActiveCfg = Release|Any CPU
		{4862C61D-57F4-4B20-A0EE-72C3CCDD4A8D}.Release|Any CPU.Build.0 = Release|Any CPU
	EndGlobalSection
	GlobalSection(SolutionProperties) = preSolution
		HideSolutionNode = FALSE
	EndGlobalSection
	GlobalSection(ExtensibilityGlobals) = postSolution
		SolutionGuid = {262C47B5-0CDB-4387-838B-855800641509}
	EndGlobalSection
EndGlobal
